
Microsoft Visual Studio Solution File, Format Version 12.00
# Visual Studio Version 17
VisualStudioVersion = 17.10.34916.146
MinimumVisualStudioVersion = 10.0.40219.1
Project("{FAE04EC0-301F-11D3-BF4B-00C04F79EFBC}") = "Api_TrabajoFidelitas", "Api_TrabajoFidelitas\Api_TrabajoFidelitas.csproj", "{8970BA16-9C07-4032-8A4F-015C76B45BAF}"
EndProject
Global
	GlobalSection(SolutionConfigurationPlatforms) = preSolution
		Debug|Any CPU = Debug|Any CPU
		Release|Any CPU = Release|Any CPU
	EndGlobalSection
	GlobalSection(ProjectConfigurationPlatforms) = postSolution
		{8970BA16-9C07-4032-8A4F-015C76B45BAF}.Debug|Any CPU.ActiveCfg = Debug|Any CPU
		{8970BA16-9C07-4032-8A4F-015C76B45BAF}.Debug|Any CPU.Build.0 = Debug|Any CPU
		{8970BA16-9C07-4032-8A4F-015C76B45BAF}.Release|Any CPU.ActiveCfg = Release|Any CPU
		{8970BA16-9C07-4032-8A4F-015C76B45BAF}.Release|Any CPU.Build.0 = Release|Any CPU
	EndGlobalSection
	GlobalSection(SolutionProperties) = preSolution
		HideSolutionNode = FALSE
	EndGlobalSection
	GlobalSection(ExtensibilityGlobals) = postSolution
		SolutionGuid = {ADD12EFB-6654-46E4-8322-3713A31AC3EE}
	EndGlobalSection
EndGlobal
